// !$*UTF8*$!
{
	archiveVersion = 1;
	classes = {
	};
	objectVersion = 50;
	objects = {

/* Begin PBXBuildFile section */
		52ABCB10246F567600465ADB /* MKPointAnnotation-ObservableObject.swift in Sources */ = {isa = PBXBuildFile; fileRef = 52ABCB0F246F567600465ADB /* MKPointAnnotation-ObservableObject.swift */; };
		52ABCB12246F570400465ADB /* EditView.swift in Sources */ = {isa = PBXBuildFile; fileRef = 52ABCB11246F570400465ADB /* EditView.swift */; };
		52ABCB14246F591000465ADB /* Result.swift in Sources */ = {isa = PBXBuildFile; fileRef = 52ABCB13246F591000465ADB /* Result.swift */; };
		52ABCB16246F5D4E00465ADB /* MKPointAnnotation-Codable.swift in Sources */ = {isa = PBXBuildFile; fileRef = 52ABCB15246F5D4E00465ADB /* MKPointAnnotation-Codable.swift */; };
		52ABCB18246F794000465ADB /* DestinationsView.swift in Sources */ = {isa = PBXBuildFile; fileRef = 52ABCB17246F794000465ADB /* DestinationsView.swift */; };
		52B2E310246CE2D40016BF0E /* AppDelegate.swift in Sources */ = {isa = PBXBuildFile; fileRef = 52B2E30F246CE2D40016BF0E /* AppDelegate.swift */; };
		52B2E312246CE2D40016BF0E /* SceneDelegate.swift in Sources */ = {isa = PBXBuildFile; fileRef = 52B2E311246CE2D40016BF0E /* SceneDelegate.swift */; };
		52B2E314246CE2D40016BF0E /* ContentView.swift in Sources */ = {isa = PBXBuildFile; fileRef = 52B2E313246CE2D40016BF0E /* ContentView.swift */; };
		52B2E316246CE2D70016BF0E /* Assets.xcassets in Resources */ = {isa = PBXBuildFile; fileRef = 52B2E315246CE2D70016BF0E /* Assets.xcassets */; };
		52B2E319246CE2D70016BF0E /* Preview Assets.xcassets in Resources */ = {isa = PBXBuildFile; fileRef = 52B2E318246CE2D70016BF0E /* Preview Assets.xcassets */; };
		52B2E31C246CE2D70016BF0E /* LaunchScreen.storyboard in Resources */ = {isa = PBXBuildFile; fileRef = 52B2E31A246CE2D70016BF0E /* LaunchScreen.storyboard */; };
		52B52EB1246DFD0D00F53F76 /* MapView.swift in Sources */ = {isa = PBXBuildFile; fileRef = 52B52EB0246DFD0D00F53F76 /* MapView.swift */; };
/* End PBXBuildFile section */

/* Begin PBXFileReference section */
		52ABCB0F246F567600465ADB /* MKPointAnnotation-ObservableObject.swift */ = {isa = PBXFileReference; lastKnownFileType = sourcecode.swift; path = "MKPointAnnotation-ObservableObject.swift"; sourceTree = "<group>"; };
		52ABCB11246F570400465ADB /* EditView.swift */ = {isa = PBXFileReference; lastKnownFileType = sourcecode.swift; path = EditView.swift; sourceTree = "<group>"; };
		52ABCB13246F591000465ADB /* Result.swift */ = {isa = PBXFileReference; lastKnownFileType = sourcecode.swift; path = Result.swift; sourceTree = "<group>"; };
		52ABCB15246F5D4E00465ADB /* MKPointAnnotation-Codable.swift */ = {isa = PBXFileReference; lastKnownFileType = sourcecode.swift; path = "MKPointAnnotation-Codable.swift"; sourceTree = "<group>"; };
		52ABCB17246F794000465ADB /* DestinationsView.swift */ = {isa = PBXFileReference; lastKnownFileType = sourcecode.swift; path = DestinationsView.swift; sourceTree = "<group>"; };
		52B2E30C246CE2D40016BF0E /* BucketList.app */ = {isa = PBXFileReference; explicitFileType = wrapper.application; includeInIndex = 0; path = BucketList.app; sourceTree = BUILT_PRODUCTS_DIR; };
		52B2E30F246CE2D40016BF0E /* AppDelegate.swift */ = {isa = PBXFileReference; lastKnownFileType = sourcecode.swift; path = AppDelegate.swift; sourceTree = "<group>"; };
		52B2E311246CE2D40016BF0E /* SceneDelegate.swift */ = {isa = PBXFileReference; lastKnownFileType = sourcecode.swift; path = SceneDelegate.swift; sourceTree = "<group>"; };
		52B2E313246CE2D40016BF0E /* ContentView.swift */ = {isa = PBXFileReference; lastKnownFileType = sourcecode.swift; path = ContentView.swift; sourceTree = "<group>"; };
		52B2E315246CE2D70016BF0E /* Assets.xcassets */ = {isa = PBXFileReference; lastKnownFileType = folder.assetcatalog; path = Assets.xcassets; sourceTree = "<group>"; };
		52B2E318246CE2D70016BF0E /* Preview Assets.xcassets */ = {isa = PBXFileReference; lastKnownFileType = folder.assetcatalog; path = "Preview Assets.xcassets"; sourceTree = "<group>"; };
		52B2E31B246CE2D70016BF0E /* Base */ = {isa = PBXFileReference; lastKnownFileType = file.storyboard; name = Base; path = Base.lproj/LaunchScreen.storyboard; sourceTree = "<group>"; };
		52B2E31D246CE2D70016BF0E /* Info.plist */ = {isa = PBXFileReference; lastKnownFileType = text.plist.xml; path = Info.plist; sourceTree = "<group>"; };
		52B52EB0246DFD0D00F53F76 /* MapView.swift */ = {isa = PBXFileReference; lastKnownFileType = sourcecode.swift; path = MapView.swift; sourceTree = "<group>"; };
/* End PBXFileReference section */

/* Begin PBXFrameworksBuildPhase section */
		52B2E309246CE2D40016BF0E /* Frameworks */ = {
			isa = PBXFrameworksBuildPhase;
			buildActionMask = 2147483647;
			files = (
			);
			runOnlyForDeploymentPostprocessing = 0;
		};
/* End PBXFrameworksBuildPhase section */

/* Begin PBXGroup section */
		52B2E303246CE2D40016BF0E = {
			isa = PBXGroup;
			children = (
				52B2E30E246CE2D40016BF0E /* BucketList */,
				52B2E30D246CE2D40016BF0E /* Products */,
			);
			sourceTree = "<group>";
		};
		52B2E30D246CE2D40016BF0E /* Products */ = {
			isa = PBXGroup;
			children = (
				52B2E30C246CE2D40016BF0E /* BucketList.app */,
			);
			name = Products;
			sourceTree = "<group>";
		};
		52B2E30E246CE2D40016BF0E /* BucketList */ = {
			isa = PBXGroup;
			children = (
				52B2E30F246CE2D40016BF0E /* AppDelegate.swift */,
				52B2E311246CE2D40016BF0E /* SceneDelegate.swift */,
				52B2E313246CE2D40016BF0E /* ContentView.swift */,
				52ABCB17246F794000465ADB /* DestinationsView.swift */,
				52ABCB13246F591000465ADB /* Result.swift */,
				52ABCB0F246F567600465ADB /* MKPointAnnotation-ObservableObject.swift */,
				52ABCB11246F570400465ADB /* EditView.swift */,
				52ABCB15246F5D4E00465ADB /* MKPointAnnotation-Codable.swift */,
				52B52EB0246DFD0D00F53F76 /* MapView.swift */,
				52B2E315246CE2D70016BF0E /* Assets.xcassets */,
				52B2E31A246CE2D70016BF0E /* LaunchScreen.storyboard */,
				52B2E31D246CE2D70016BF0E /* Info.plist */,
				52B2E317246CE2D70016BF0E /* Preview Content */,
			);
			path = BucketList;
			sourceTree = "<group>";
		};
		52B2E317246CE2D70016BF0E /* Preview Content */ = {
			isa = PBXGroup;
			children = (
				52B2E318246CE2D70016BF0E /* Preview Assets.xcassets */,
			);
			path = "Preview Content";
			sourceTree = "<group>";
		};
/* End PBXGroup section */

/* Begin PBXNativeTarget section */
		52B2E30B246CE2D40016BF0E /* BucketList */ = {
			isa = PBXNativeTarget;
			buildConfigurationList = 52B2E320246CE2D70016BF0E /* Build configuration list for PBXNativeTarget "BucketList" */;
			buildPhases = (
				52B2E308246CE2D40016BF0E /* Sources */,
				52B2E309246CE2D40016BF0E /* Frameworks */,
				52B2E30A246CE2D40016BF0E /* Resources */,
			);
			buildRules = (
			);
			dependencies = (
			);
			name = BucketList;
			productName = BucketList;
			productReference = 52B2E30C246CE2D40016BF0E /* BucketList.app */;
			productType = "com.apple.product-type.application";
		};
/* End PBXNativeTarget section */

/* Begin PBXProject section */
		52B2E304246CE2D40016BF0E /* Project object */ = {
			isa = PBXProject;
			attributes = {
				LastSwiftUpdateCheck = 1140;
				LastUpgradeCheck = 1140;
				ORGANIZATIONNAME = "Mansur Ahmed";
				TargetAttributes = {
					52B2E30B246CE2D40016BF0E = {
						CreatedOnToolsVersion = 11.4.1;
					};
				};
			};
			buildConfigurationList = 52B2E307246CE2D40016BF0E /* Build configuration list for PBXProject "BucketList" */;
			compatibilityVersion = "Xcode 9.3";
			developmentRegion = en;
			hasScannedForEncodings = 0;
			knownRegions = (
				en,
				Base,
			);
			mainGroup = 52B2E303246CE2D40016BF0E;
			productRefGroup = 52B2E30D246CE2D40016BF0E /* Products */;
			projectDirPath = "";
			projectRoot = "";
			targets = (
				52B2E30B246CE2D40016BF0E /* BucketList */,
			);
		};
/* End PBXProject section */

/* Begin PBXResourcesBuildPhase section */
		52B2E30A246CE2D40016BF0E /* Resources */ = {
			isa = PBXResourcesBuildPhase;
			buildActionMask = 2147483647;
			files = (
				52B2E31C246CE2D70016BF0E /* LaunchScreen.storyboard in Resources */,
				52B2E319246CE2D70016BF0E /* Preview Assets.xcassets in Resources */,
				52B2E316246CE2D70016BF0E /* Assets.xcassets in Resources */,
			);
			runOnlyForDeploymentPostprocessing = 0;
		};
/* End PBXResourcesBuildPhase section */

/* Begin PBXSourcesBuildPhase section */
		52B2E308246CE2D40016BF0E /* Sources */ = {
			isa = PBXSourcesBuildPhase;
			buildActionMask = 2147483647;
			files = (
				52ABCB18246F794000465ADB /* DestinationsView.swift in Sources */,
				52B2E310246CE2D40016BF0E /* AppDelegate.swift in Sources */,
				52B52EB1246DFD0D00F53F76 /* MapView.swift in Sources */,
				52ABCB12246F570400465ADB /* EditView.swift in Sources */,
				52B2E312246CE2D40016BF0E /* SceneDelegate.swift in Sources */,
				52ABCB14246F591000465ADB /* Result.swift in Sources */,
				52ABCB10246F567600465ADB /* MKPointAnnotation-ObservableObject.swift in Sources */,
				52ABCB16246F5D4E00465ADB /* MKPointAnnotation-Codable.swift in Sources */,
				52B2E314246CE2D40016BF0E /* ContentView.swift in Sources */,
			);
			runOnlyForDeploymentPostprocessing = 0;
		};
/* End PBXSourcesBuildPhase section */

/* Begin PBXVariantGroup section */
		52B2E31A246CE2D70016BF0E /* LaunchScreen.storyboard */ = {
			isa = PBXVariantGroup;
			children = (
				52B2E31B246CE2D70016BF0E /* Base */,
			);
			name = LaunchScreen.storyboard;
			sourceTree = "<group>";
		};
/* End PBXVariantGroup section */

/* Begin XCBuildConfiguration section */
		52B2E31E246CE2D70016BF0E /* Debug */ = {
			isa = XCBuildConfiguration;
			buildSettings = {
				ALWAYS_SEARCH_USER_PATHS = NO;
				CLANG_ANALYZER_NONNULL = YES;
				CLANG_ANALYZER_NUMBER_OBJECT_CONVERSION = YES_AGGRESSIVE;
				CLANG_CXX_LANGUAGE_STANDARD = "gnu++14";
				CLANG_CXX_LIBRARY = "libc++";
				CLANG_ENABLE_MODULES = YES;
				CLANG_ENABLE_OBJC_ARC = YES;
				CLANG_ENABLE_OBJC_WEAK = YES;
				CLANG_WARN_BLOCK_CAPTURE_AUTORELEASING = YES;
				CLANG_WARN_BOOL_CONVERSION = YES;
				CLANG_WARN_COMMA = YES;
				CLANG_WARN_CONSTANT_CONVERSION = YES;
				CLANG_WARN_DEPRECATED_OBJC_IMPLEMENTATIONS = YES;
				CLANG_WARN_DIRECT_OBJC_ISA_USAGE = YES_ERROR;
				CLANG_WARN_DOCUMENTATION_COMMENTS = YES;
				CLANG_WARN_EMPTY_BODY = YES;
				CLANG_WARN_ENUM_CONVERSION = YES;
				CLANG_WARN_INFINITE_RECURSION = YES;
				CLANG_WARN_INT_CONVERSION = YES;
				CLANG_WARN_NON_LITERAL_NULL_CONVERSION = YES;
				CLANG_WARN_OBJC_IMPLICIT_RETAIN_SELF = YES;
				CLANG_WARN_OBJC_LITERAL_CONVERSION = YES;
				CLANG_WARN_OBJC_ROOT_CLASS = YES_ERROR;
				CLANG_WARN_RANGE_LOOP_ANALYSIS = YES;
				CLANG_WARN_STRICT_PROTOTYPES = YES;
				CLANG_WARN_SUSPICIOUS_MOVE = YES;
				CLANG_WARN_UNGUARDED_AVAILABILITY = YES_AGGRESSIVE;
				CLANG_WARN_UNREACHABLE_CODE = YES;
				CLANG_WARN__DUPLICATE_METHOD_MATCH = YES;
				COPY_PHASE_STRIP = NO;
				DEBUG_INFORMATION_FORMAT = dwarf;
				ENABLE_STRICT_OBJC_MSGSEND = YES;
				ENABLE_TESTABILITY = YES;
				GCC_C_LANGUAGE_STANDARD = gnu11;
				GCC_DYNAMIC_NO_PIC = NO;
				GCC_NO_COMMON_BLOCKS = YES;
				GCC_OPTIMIZATION_LEVEL = 0;
				GCC_PREPROCESSOR_DEFINITIONS = (
					"DEBUG=1",
					"$(inherited)",
				);
				GCC_WARN_64_TO_32_BIT_CONVERSION = YES;
				GCC_WARN_ABOUT_RETURN_TYPE = YES_ERROR;
				GCC_WARN_UNDECLARED_SELECTOR = YES;
				GCC_WARN_UNINITIALIZED_AUTOS = YES_AGGRESSIVE;
				GCC_WARN_UNUSED_FUNCTION = YES;
				GCC_WARN_UNUSED_VARIABLE = YES;
				IPHONEOS_DEPLOYMENT_TARGET = 13.4;
				MTL_ENABLE_DEBUG_INFO = INCLUDE_SOURCE;
				MTL_FAST_MATH = YES;
				ONLY_ACTIVE_ARCH = YES;
				SDKROOT = iphoneos;
				SWIFT_ACTIVE_COMPILATION_CONDITIONS = DEBUG;
				SWIFT_OPTIMIZATION_LEVEL = "-Onone";
			};
			name = Debug;
		};
		52B2E31F246CE2D70016BF0E /* Release */ = {
			isa = XCBuildConfiguration;
			buildSettings = {
				ALWAYS_SEARCH_USER_PATHS = NO;
				CLANG_ANALYZER_NONNULL = YES;
				CLANG_ANALYZER_NUMBER_OBJECT_CONVERSION = YES_AGGRESSIVE;
				CLANG_CXX_LANGUAGE_STANDARD = "gnu++14";
				CLANG_CXX_LIBRARY = "libc++";
				CLANG_ENABLE_MODULES = YES;
				CLANG_ENABLE_OBJC_ARC = YES;
				CLANG_ENABLE_OBJC_WEAK = YES;
				CLANG_WARN_BLOCK_CAPTURE_AUTORELEASING = YES;
				CLANG_WARN_BOOL_CONVERSION = YES;
				CLANG_WARN_COMMA = YES;
				CLANG_WARN_CONSTANT_CONVERSION = YES;
				CLANG_WARN_DEPRECATED_OBJC_IMPLEMENTATIONS = YES;
				CLANG_WARN_DIRECT_OBJC_ISA_USAGE = YES_ERROR;
				CLANG_WARN_DOCUMENTATION_COMMENTS = YES;
				CLANG_WARN_EMPTY_BODY = YES;
				CLANG_WARN_ENUM_CONVERSION = YES;
				CLANG_WARN_INFINITE_RECURSION = YES;
				CLANG_WARN_INT_CONVERSION = YES;
				CLANG_WARN_NON_LITERAL_NULL_CONVERSION = YES;
				CLANG_WARN_OBJC_IMPLICIT_RETAIN_SELF = YES;
				CLANG_WARN_OBJC_LITERAL_CONVERSION = YES;
				CLANG_WARN_OBJC_ROOT_CLASS = YES_ERROR;
				CLANG_WARN_RANGE_LOOP_ANALYSIS = YES;
				CLANG_WARN_STRICT_PROTOTYPES = YES;
				CLANG_WARN_SUSPICIOUS_MOVE = YES;
				CLANG_WARN_UNGUARDED_AVAILABILITY = YES_AGGRESSIVE;
				CLANG_WARN_UNREACHABLE_CODE = YES;
				CLANG_WARN__DUPLICATE_METHOD_MATCH = YES;
				COPY_PHASE_STRIP = NO;
				DEBUG_INFORMATION_FORMAT = "dwarf-with-dsym";
				ENABLE_NS_ASSERTIONS = NO;
				ENABLE_STRICT_OBJC_MSGSEND = YES;
				GCC_C_LANGUAGE_STANDARD = gnu11;
				GCC_NO_COMMON_BLOCKS = YES;
				GCC_WARN_64_TO_32_BIT_CONVERSION = YES;
				GCC_WARN_ABOUT_RETURN_TYPE = YES_ERROR;
				GCC_WARN_UNDECLARED_SELECTOR = YES;
				GCC_WARN_UNINITIALIZED_AUTOS = YES_AGGRESSIVE;
				GCC_WARN_UNUSED_FUNCTION = YES;
				GCC_WARN_UNUSED_VARIABLE = YES;
				IPHONEOS_DEPLOYMENT_TARGET = 13.4;
				MTL_ENABLE_DEBUG_INFO = NO;
				MTL_FAST_MATH = YES;
				SDKROOT = iphoneos;
				SWIFT_COMPILATION_MODE = wholemodule;
				SWIFT_OPTIMIZATION_LEVEL = "-O";
				VALIDATE_PRODUCT = YES;
			};
			name = Release;
		};
		52B2E321246CE2D70016BF0E /* Debug */ = {
			isa = XCBuildConfiguration;
			buildSettings = {
				ASSETCATALOG_COMPILER_APPICON_NAME = AppIcon;
				CODE_SIGN_STYLE = Automatic;
				DEVELOPMENT_ASSET_PATHS = "\"BucketList/Preview Content\"";
				ENABLE_PREVIEWS = YES;
				INFOPLIST_FILE = BucketList/Info.plist;
				LD_RUNPATH_SEARCH_PATHS = (
					"$(inherited)",
					"@executable_path/Frameworks",
				);
				PRODUCT_BUNDLE_IDENTIFIER = com.demharusnam.BucketList;
				PRODUCT_NAME = "$(TARGET_NAME)";
				SWIFT_VERSION = 5.0;
				TARGETED_DEVICE_FAMILY = "1,2";
			};
			name = Debug;
		};
		52B2E322246CE2D70016BF0E /* Release */ = {
			isa = XCBuildConfiguration;
			buildSettings = {
				ASSETCATALOG_COMPILER_APPICON_NAME = AppIcon;
				CODE_SIGN_STYLE = Automatic;
				DEVELOPMENT_ASSET_PATHS = "\"BucketList/Preview Content\"";
				ENABLE_PREVIEWS = YES;
				INFOPLIST_FILE = BucketList/Info.plist;
				LD_RUNPATH_SEARCH_PATHS = (
					"$(inherited)",
					"@executable_path/Frameworks",
				);
				PRODUCT_BUNDLE_IDENTIFIER = com.demharusnam.BucketList;
				PRODUCT_NAME = "$(TARGET_NAME)";
				SWIFT_VERSION = 5.0;
				TARGETED_DEVICE_FAMILY = "1,2";
			};
			name = Release;
		};
/* End XCBuildConfiguration section */

/* Begin XCConfigurationList section */
		52B2E307246CE2D40016BF0E /* Build configuration list for PBXProject "BucketList" */ = {
			isa = XCConfigurationList;
			buildConfigurations = (
				52B2E31E246CE2D70016BF0E /* Debug */,
				52B2E31F246CE2D70016BF0E /* Release */,
			);
			defaultConfigurationIsVisible = 0;
			defaultConfigurationName = Release;
		};
		52B2E320246CE2D70016BF0E /* Build configuration list for PBXNativeTarget "BucketList" */ = {
			isa = XCConfigurationList;
			buildConfigurations = (
				52B2E321246CE2D70016BF0E /* Debug */,
				52B2E322246CE2D70016BF0E /* Release */,
			);
			defaultConfigurationIsVisible = 0;
			defaultConfigurationName = Release;
		};
/* End XCConfigurationList section */
	};
	rootObject = 52B2E304246CE2D40016BF0E /* Project object */;
}
