// !$*UTF8*$!
{
	archiveVersion = 1;
	classes = {
	};
	objectVersion = 50;
	objects = {

/* Begin PBXBuildFile section */
		52E8E518244F5480003DAD2F /* AppDelegate.swift in Sources */ = {isa = PBXBuildFile; fileRef = 52E8E517244F5480003DAD2F /* AppDelegate.swift */; };
		52E8E51A244F5480003DAD2F /* SceneDelegate.swift in Sources */ = {isa = PBXBuildFile; fileRef = 52E8E519244F5480003DAD2F /* SceneDelegate.swift */; };
		52E8E51C244F5480003DAD2F /* ContentView.swift in Sources */ = {isa = PBXBuildFile; fileRef = 52E8E51B244F5480003DAD2F /* ContentView.swift */; };
		52E8E51E244F5482003DAD2F /* Assets.xcassets in Resources */ = {isa = PBXBuildFile; fileRef = 52E8E51D244F5482003DAD2F /* Assets.xcassets */; };
		52E8E521244F5482003DAD2F /* Preview Assets.xcassets in Resources */ = {isa = PBXBuildFile; fileRef = 52E8E520244F5482003DAD2F /* Preview Assets.xcassets */; };
		52E8E524244F5482003DAD2F /* LaunchScreen.storyboard in Resources */ = {isa = PBXBuildFile; fileRef = 52E8E522244F5482003DAD2F /* LaunchScreen.storyboard */; };
		52E8E52D244F5D3C003DAD2F /* missions.json in Resources */ = {isa = PBXBuildFile; fileRef = 52E8E52B244F5D3C003DAD2F /* missions.json */; };
		52E8E52E244F5D3C003DAD2F /* astronauts.json in Resources */ = {isa = PBXBuildFile; fileRef = 52E8E52C244F5D3C003DAD2F /* astronauts.json */; };
		52E8E530244F5DC7003DAD2F /* Astronaut.swift in Sources */ = {isa = PBXBuildFile; fileRef = 52E8E52F244F5DC7003DAD2F /* Astronaut.swift */; };
		52E8E532244F5E29003DAD2F /* Bundle-Decodable.swift in Sources */ = {isa = PBXBuildFile; fileRef = 52E8E531244F5E29003DAD2F /* Bundle-Decodable.swift */; };
		52E8E534244F5F8A003DAD2F /* Mission.swift in Sources */ = {isa = PBXBuildFile; fileRef = 52E8E533244F5F8A003DAD2F /* Mission.swift */; };
		52E8E536244F6697003DAD2F /* MissionView.swift in Sources */ = {isa = PBXBuildFile; fileRef = 52E8E535244F6697003DAD2F /* MissionView.swift */; };
		52E8E538244F6BC4003DAD2F /* AstronautView.swift in Sources */ = {isa = PBXBuildFile; fileRef = 52E8E537244F6BC4003DAD2F /* AstronautView.swift */; };
/* End PBXBuildFile section */

/* Begin PBXFileReference section */
		52E8E514244F5480003DAD2F /* Moonshot.app */ = {isa = PBXFileReference; explicitFileType = wrapper.application; includeInIndex = 0; path = Moonshot.app; sourceTree = BUILT_PRODUCTS_DIR; };
		52E8E517244F5480003DAD2F /* AppDelegate.swift */ = {isa = PBXFileReference; lastKnownFileType = sourcecode.swift; path = AppDelegate.swift; sourceTree = "<group>"; };
		52E8E519244F5480003DAD2F /* SceneDelegate.swift */ = {isa = PBXFileReference; lastKnownFileType = sourcecode.swift; path = SceneDelegate.swift; sourceTree = "<group>"; };
		52E8E51B244F5480003DAD2F /* ContentView.swift */ = {isa = PBXFileReference; lastKnownFileType = sourcecode.swift; path = ContentView.swift; sourceTree = "<group>"; };
		52E8E51D244F5482003DAD2F /* Assets.xcassets */ = {isa = PBXFileReference; lastKnownFileType = folder.assetcatalog; path = Assets.xcassets; sourceTree = "<group>"; };
		52E8E520244F5482003DAD2F /* Preview Assets.xcassets */ = {isa = PBXFileReference; lastKnownFileType = folder.assetcatalog; path = "Preview Assets.xcassets"; sourceTree = "<group>"; };
		52E8E523244F5482003DAD2F /* Base */ = {isa = PBXFileReference; lastKnownFileType = file.storyboard; name = Base; path = Base.lproj/LaunchScreen.storyboard; sourceTree = "<group>"; };
		52E8E525244F5482003DAD2F /* Info.plist */ = {isa = PBXFileReference; lastKnownFileType = text.plist.xml; path = Info.plist; sourceTree = "<group>"; };
		52E8E52B244F5D3C003DAD2F /* missions.json */ = {isa = PBXFileReference; fileEncoding = 4; lastKnownFileType = text.json; name = missions.json; path = "../../../../project4-files/SwiftUI/project8-files/missions.json"; sourceTree = "<group>"; };
		52E8E52C244F5D3C003DAD2F /* astronauts.json */ = {isa = PBXFileReference; fileEncoding = 4; lastKnownFileType = text.json; name = astronauts.json; path = "../../../../project4-files/SwiftUI/project8-files/astronauts.json"; sourceTree = "<group>"; };
		52E8E52F244F5DC7003DAD2F /* Astronaut.swift */ = {isa = PBXFileReference; lastKnownFileType = sourcecode.swift; path = Astronaut.swift; sourceTree = "<group>"; };
		52E8E531244F5E29003DAD2F /* Bundle-Decodable.swift */ = {isa = PBXFileReference; lastKnownFileType = sourcecode.swift; path = "Bundle-Decodable.swift"; sourceTree = "<group>"; };
		52E8E533244F5F8A003DAD2F /* Mission.swift */ = {isa = PBXFileReference; lastKnownFileType = sourcecode.swift; path = Mission.swift; sourceTree = "<group>"; };
		52E8E535244F6697003DAD2F /* MissionView.swift */ = {isa = PBXFileReference; lastKnownFileType = sourcecode.swift; path = MissionView.swift; sourceTree = "<group>"; };
		52E8E537244F6BC4003DAD2F /* AstronautView.swift */ = {isa = PBXFileReference; lastKnownFileType = sourcecode.swift; path = AstronautView.swift; sourceTree = "<group>"; };
/* End PBXFileReference section */

/* Begin PBXFrameworksBuildPhase section */
		52E8E511244F5480003DAD2F /* Frameworks */ = {
			isa = PBXFrameworksBuildPhase;
			buildActionMask = 2147483647;
			files = (
			);
			runOnlyForDeploymentPostprocessing = 0;
		};
/* End PBXFrameworksBuildPhase section */

/* Begin PBXGroup section */
		52E8E50B244F5480003DAD2F = {
			isa = PBXGroup;
			children = (
				52E8E516244F5480003DAD2F /* Moonshot */,
				52E8E515244F5480003DAD2F /* Products */,
			);
			sourceTree = "<group>";
		};
		52E8E515244F5480003DAD2F /* Products */ = {
			isa = PBXGroup;
			children = (
				52E8E514244F5480003DAD2F /* Moonshot.app */,
			);
			name = Products;
			sourceTree = "<group>";
		};
		52E8E516244F5480003DAD2F /* Moonshot */ = {
			isa = PBXGroup;
			children = (
				52E8E517244F5480003DAD2F /* AppDelegate.swift */,
				52E8E519244F5480003DAD2F /* SceneDelegate.swift */,
				52E8E51B244F5480003DAD2F /* ContentView.swift */,
				52E8E537244F6BC4003DAD2F /* AstronautView.swift */,
				52E8E535244F6697003DAD2F /* MissionView.swift */,
				52E8E533244F5F8A003DAD2F /* Mission.swift */,
				52E8E52F244F5DC7003DAD2F /* Astronaut.swift */,
				52E8E531244F5E29003DAD2F /* Bundle-Decodable.swift */,
				52E8E51D244F5482003DAD2F /* Assets.xcassets */,
				52E8E522244F5482003DAD2F /* LaunchScreen.storyboard */,
				52E8E525244F5482003DAD2F /* Info.plist */,
				52E8E52C244F5D3C003DAD2F /* astronauts.json */,
				52E8E52B244F5D3C003DAD2F /* missions.json */,
				52E8E51F244F5482003DAD2F /* Preview Content */,
			);
			path = Moonshot;
			sourceTree = "<group>";
		};
		52E8E51F244F5482003DAD2F /* Preview Content */ = {
			isa = PBXGroup;
			children = (
				52E8E520244F5482003DAD2F /* Preview Assets.xcassets */,
			);
			path = "Preview Content";
			sourceTree = "<group>";
		};
/* End PBXGroup section */

/* Begin PBXNativeTarget section */
		52E8E513244F5480003DAD2F /* Moonshot */ = {
			isa = PBXNativeTarget;
			buildConfigurationList = 52E8E528244F5482003DAD2F /* Build configuration list for PBXNativeTarget "Moonshot" */;
			buildPhases = (
				52E8E510244F5480003DAD2F /* Sources */,
				52E8E511244F5480003DAD2F /* Frameworks */,
				52E8E512244F5480003DAD2F /* Resources */,
			);
			buildRules = (
			);
			dependencies = (
			);
			name = Moonshot;
			productName = Moonshot;
			productReference = 52E8E514244F5480003DAD2F /* Moonshot.app */;
			productType = "com.apple.product-type.application";
		};
/* End PBXNativeTarget section */

/* Begin PBXProject section */
		52E8E50C244F5480003DAD2F /* Project object */ = {
			isa = PBXProject;
			attributes = {
				LastSwiftUpdateCheck = 1140;
				LastUpgradeCheck = 1140;
				ORGANIZATIONNAME = "Mansur Ahmed";
				TargetAttributes = {
					52E8E513244F5480003DAD2F = {
						CreatedOnToolsVersion = 11.4.1;
					};
				};
			};
			buildConfigurationList = 52E8E50F244F5480003DAD2F /* Build configuration list for PBXProject "Moonshot" */;
			compatibilityVersion = "Xcode 9.3";
			developmentRegion = en;
			hasScannedForEncodings = 0;
			knownRegions = (
				en,
				Base,
			);
			mainGroup = 52E8E50B244F5480003DAD2F;
			productRefGroup = 52E8E515244F5480003DAD2F /* Products */;
			projectDirPath = "";
			projectRoot = "";
			targets = (
				52E8E513244F5480003DAD2F /* Moonshot */,
			);
		};
/* End PBXProject section */

/* Begin PBXResourcesBuildPhase section */
		52E8E512244F5480003DAD2F /* Resources */ = {
			isa = PBXResourcesBuildPhase;
			buildActionMask = 2147483647;
			files = (
				52E8E524244F5482003DAD2F /* LaunchScreen.storyboard in Resources */,
				52E8E521244F5482003DAD2F /* Preview Assets.xcassets in Resources */,
				52E8E52D244F5D3C003DAD2F /* missions.json in Resources */,
				52E8E52E244F5D3C003DAD2F /* astronauts.json in Resources */,
				52E8E51E244F5482003DAD2F /* Assets.xcassets in Resources */,
			);
			runOnlyForDeploymentPostprocessing = 0;
		};
/* End PBXResourcesBuildPhase section */

/* Begin PBXSourcesBuildPhase section */
		52E8E510244F5480003DAD2F /* Sources */ = {
			isa = PBXSourcesBuildPhase;
			buildActionMask = 2147483647;
			files = (
				52E8E536244F6697003DAD2F /* MissionView.swift in Sources */,
				52E8E534244F5F8A003DAD2F /* Mission.swift in Sources */,
				52E8E538244F6BC4003DAD2F /* AstronautView.swift in Sources */,
				52E8E518244F5480003DAD2F /* AppDelegate.swift in Sources */,
				52E8E51A244F5480003DAD2F /* SceneDelegate.swift in Sources */,
				52E8E532244F5E29003DAD2F /* Bundle-Decodable.swift in Sources */,
				52E8E51C244F5480003DAD2F /* ContentView.swift in Sources */,
				52E8E530244F5DC7003DAD2F /* Astronaut.swift in Sources */,
			);
			runOnlyForDeploymentPostprocessing = 0;
		};
/* End PBXSourcesBuildPhase section */

/* Begin PBXVariantGroup section */
		52E8E522244F5482003DAD2F /* LaunchScreen.storyboard */ = {
			isa = PBXVariantGroup;
			children = (
				52E8E523244F5482003DAD2F /* Base */,
			);
			name = LaunchScreen.storyboard;
			sourceTree = "<group>";
		};
/* End PBXVariantGroup section */

/* Begin XCBuildConfiguration section */
		52E8E526244F5482003DAD2F /* Debug */ = {
			isa = XCBuildConfiguration;
			buildSettings = {
				ALWAYS_SEARCH_USER_PATHS = NO;
				CLANG_ANALYZER_NONNULL = YES;
				CLANG_ANALYZER_NUMBER_OBJECT_CONVERSION = YES_AGGRESSIVE;
				CLANG_CXX_LANGUAGE_STANDARD = "gnu++14";
				CLANG_CXX_LIBRARY = "libc++";
				CLANG_ENABLE_MODULES = YES;
				CLANG_ENABLE_OBJC_ARC = YES;
				CLANG_ENABLE_OBJC_WEAK = YES;
				CLANG_WARN_BLOCK_CAPTURE_AUTORELEASING = YES;
				CLANG_WARN_BOOL_CONVERSION = YES;
				CLANG_WARN_COMMA = YES;
				CLANG_WARN_CONSTANT_CONVERSION = YES;
				CLANG_WARN_DEPRECATED_OBJC_IMPLEMENTATIONS = YES;
				CLANG_WARN_DIRECT_OBJC_ISA_USAGE = YES_ERROR;
				CLANG_WARN_DOCUMENTATION_COMMENTS = YES;
				CLANG_WARN_EMPTY_BODY = YES;
				CLANG_WARN_ENUM_CONVERSION = YES;
				CLANG_WARN_INFINITE_RECURSION = YES;
				CLANG_WARN_INT_CONVERSION = YES;
				CLANG_WARN_NON_LITERAL_NULL_CONVERSION = YES;
				CLANG_WARN_OBJC_IMPLICIT_RETAIN_SELF = YES;
				CLANG_WARN_OBJC_LITERAL_CONVERSION = YES;
				CLANG_WARN_OBJC_ROOT_CLASS = YES_ERROR;
				CLANG_WARN_RANGE_LOOP_ANALYSIS = YES;
				CLANG_WARN_STRICT_PROTOTYPES = YES;
				CLANG_WARN_SUSPICIOUS_MOVE = YES;
				CLANG_WARN_UNGUARDED_AVAILABILITY = YES_AGGRESSIVE;
				CLANG_WARN_UNREACHABLE_CODE = YES;
				CLANG_WARN__DUPLICATE_METHOD_MATCH = YES;
				COPY_PHASE_STRIP = NO;
				DEBUG_INFORMATION_FORMAT = dwarf;
				ENABLE_STRICT_OBJC_MSGSEND = YES;
				ENABLE_TESTABILITY = YES;
				GCC_C_LANGUAGE_STANDARD = gnu11;
				GCC_DYNAMIC_NO_PIC = NO;
				GCC_NO_COMMON_BLOCKS = YES;
				GCC_OPTIMIZATION_LEVEL = 0;
				GCC_PREPROCESSOR_DEFINITIONS = (
					"DEBUG=1",
					"$(inherited)",
				);
				GCC_WARN_64_TO_32_BIT_CONVERSION = YES;
				GCC_WARN_ABOUT_RETURN_TYPE = YES_ERROR;
				GCC_WARN_UNDECLARED_SELECTOR = YES;
				GCC_WARN_UNINITIALIZED_AUTOS = YES_AGGRESSIVE;
				GCC_WARN_UNUSED_FUNCTION = YES;
				GCC_WARN_UNUSED_VARIABLE = YES;
				IPHONEOS_DEPLOYMENT_TARGET = 13.4;
				MTL_ENABLE_DEBUG_INFO = INCLUDE_SOURCE;
				MTL_FAST_MATH = YES;
				ONLY_ACTIVE_ARCH = YES;
				SDKROOT = iphoneos;
				SWIFT_ACTIVE_COMPILATION_CONDITIONS = DEBUG;
				SWIFT_OPTIMIZATION_LEVEL = "-Onone";
			};
			name = Debug;
		};
		52E8E527244F5482003DAD2F /* Release */ = {
			isa = XCBuildConfiguration;
			buildSettings = {
				ALWAYS_SEARCH_USER_PATHS = NO;
				CLANG_ANALYZER_NONNULL = YES;
				CLANG_ANALYZER_NUMBER_OBJECT_CONVERSION = YES_AGGRESSIVE;
				CLANG_CXX_LANGUAGE_STANDARD = "gnu++14";
				CLANG_CXX_LIBRARY = "libc++";
				CLANG_ENABLE_MODULES = YES;
				CLANG_ENABLE_OBJC_ARC = YES;
				CLANG_ENABLE_OBJC_WEAK = YES;
				CLANG_WARN_BLOCK_CAPTURE_AUTORELEASING = YES;
				CLANG_WARN_BOOL_CONVERSION = YES;
				CLANG_WARN_COMMA = YES;
				CLANG_WARN_CONSTANT_CONVERSION = YES;
				CLANG_WARN_DEPRECATED_OBJC_IMPLEMENTATIONS = YES;
				CLANG_WARN_DIRECT_OBJC_ISA_USAGE = YES_ERROR;
				CLANG_WARN_DOCUMENTATION_COMMENTS = YES;
				CLANG_WARN_EMPTY_BODY = YES;
				CLANG_WARN_ENUM_CONVERSION = YES;
				CLANG_WARN_INFINITE_RECURSION = YES;
				CLANG_WARN_INT_CONVERSION = YES;
				CLANG_WARN_NON_LITERAL_NULL_CONVERSION = YES;
				CLANG_WARN_OBJC_IMPLICIT_RETAIN_SELF = YES;
				CLANG_WARN_OBJC_LITERAL_CONVERSION = YES;
				CLANG_WARN_OBJC_ROOT_CLASS = YES_ERROR;
				CLANG_WARN_RANGE_LOOP_ANALYSIS = YES;
				CLANG_WARN_STRICT_PROTOTYPES = YES;
				CLANG_WARN_SUSPICIOUS_MOVE = YES;
				CLANG_WARN_UNGUARDED_AVAILABILITY = YES_AGGRESSIVE;
				CLANG_WARN_UNREACHABLE_CODE = YES;
				CLANG_WARN__DUPLICATE_METHOD_MATCH = YES;
				COPY_PHASE_STRIP = NO;
				DEBUG_INFORMATION_FORMAT = "dwarf-with-dsym";
				ENABLE_NS_ASSERTIONS = NO;
				ENABLE_STRICT_OBJC_MSGSEND = YES;
				GCC_C_LANGUAGE_STANDARD = gnu11;
				GCC_NO_COMMON_BLOCKS = YES;
				GCC_WARN_64_TO_32_BIT_CONVERSION = YES;
				GCC_WARN_ABOUT_RETURN_TYPE = YES_ERROR;
				GCC_WARN_UNDECLARED_SELECTOR = YES;
				GCC_WARN_UNINITIALIZED_AUTOS = YES_AGGRESSIVE;
				GCC_WARN_UNUSED_FUNCTION = YES;
				GCC_WARN_UNUSED_VARIABLE = YES;
				IPHONEOS_DEPLOYMENT_TARGET = 13.4;
				MTL_ENABLE_DEBUG_INFO = NO;
				MTL_FAST_MATH = YES;
				SDKROOT = iphoneos;
				SWIFT_COMPILATION_MODE = wholemodule;
				SWIFT_OPTIMIZATION_LEVEL = "-O";
				VALIDATE_PRODUCT = YES;
			};
			name = Release;
		};
		52E8E529244F5482003DAD2F /* Debug */ = {
			isa = XCBuildConfiguration;
			buildSettings = {
				ASSETCATALOG_COMPILER_APPICON_NAME = AppIcon;
				CODE_SIGN_STYLE = Automatic;
				DEVELOPMENT_ASSET_PATHS = "\"Moonshot/Preview Content\"";
				ENABLE_PREVIEWS = YES;
				INFOPLIST_FILE = Moonshot/Info.plist;
				LD_RUNPATH_SEARCH_PATHS = (
					"$(inherited)",
					"@executable_path/Frameworks",
				);
				PRODUCT_BUNDLE_IDENTIFIER = com.demharusnam.Moonshot;
				PRODUCT_NAME = "$(TARGET_NAME)";
				SWIFT_VERSION = 5.0;
				TARGETED_DEVICE_FAMILY = "1,2";
			};
			name = Debug;
		};
		52E8E52A244F5482003DAD2F /* Release */ = {
			isa = XCBuildConfiguration;
			buildSettings = {
				ASSETCATALOG_COMPILER_APPICON_NAME = AppIcon;
				CODE_SIGN_STYLE = Automatic;
				DEVELOPMENT_ASSET_PATHS = "\"Moonshot/Preview Content\"";
				ENABLE_PREVIEWS = YES;
				INFOPLIST_FILE = Moonshot/Info.plist;
				LD_RUNPATH_SEARCH_PATHS = (
					"$(inherited)",
					"@executable_path/Frameworks",
				);
				PRODUCT_BUNDLE_IDENTIFIER = com.demharusnam.Moonshot;
				PRODUCT_NAME = "$(TARGET_NAME)";
				SWIFT_VERSION = 5.0;
				TARGETED_DEVICE_FAMILY = "1,2";
			};
			name = Release;
		};
/* End XCBuildConfiguration section */

/* Begin XCConfigurationList section */
		52E8E50F244F5480003DAD2F /* Build configuration list for PBXProject "Moonshot" */ = {
			isa = XCConfigurationList;
			buildConfigurations = (
				52E8E526244F5482003DAD2F /* Debug */,
				52E8E527244F5482003DAD2F /* Release */,
			);
			defaultConfigurationIsVisible = 0;
			defaultConfigurationName = Release;
		};
		52E8E528244F5482003DAD2F /* Build configuration list for PBXNativeTarget "Moonshot" */ = {
			isa = XCConfigurationList;
			buildConfigurations = (
				52E8E529244F5482003DAD2F /* Debug */,
				52E8E52A244F5482003DAD2F /* Release */,
			);
			defaultConfigurationIsVisible = 0;
			defaultConfigurationName = Release;
		};
/* End XCConfigurationList section */
	};
	rootObject = 52E8E50C244F5480003DAD2F /* Project object */;
}
