// !$*UTF8*$!
{
	archiveVersion = 1;
	classes = {
	};
	objectVersion = 50;
	objects = {

/* Begin PBXBuildFile section */
		523FE96C2461FBDC000A5631 /* AddBookView.swift in Sources */ = {isa = PBXBuildFile; fileRef = 523FE96B2461FBDC000A5631 /* AddBookView.swift */; };
		523FE96E2462027B000A5631 /* RatingView.swift in Sources */ = {isa = PBXBuildFile; fileRef = 523FE96D2462027B000A5631 /* RatingView.swift */; };
		523FE970246205AB000A5631 /* EmojiRatingView.swift in Sources */ = {isa = PBXBuildFile; fileRef = 523FE96F246205AB000A5631 /* EmojiRatingView.swift */; };
		523FE972246208E5000A5631 /* DetailView.swift in Sources */ = {isa = PBXBuildFile; fileRef = 523FE971246208E5000A5631 /* DetailView.swift */; };
		525FEDFE2461ED29007B5FDB /* AppDelegate.swift in Sources */ = {isa = PBXBuildFile; fileRef = 525FEDFD2461ED29007B5FDB /* AppDelegate.swift */; };
		525FEE002461ED29007B5FDB /* SceneDelegate.swift in Sources */ = {isa = PBXBuildFile; fileRef = 525FEDFF2461ED29007B5FDB /* SceneDelegate.swift */; };
		525FEE032461ED29007B5FDB /* Bookworm.xcdatamodeld in Sources */ = {isa = PBXBuildFile; fileRef = 525FEE012461ED29007B5FDB /* Bookworm.xcdatamodeld */; };
		525FEE052461ED29007B5FDB /* ContentView.swift in Sources */ = {isa = PBXBuildFile; fileRef = 525FEE042461ED29007B5FDB /* ContentView.swift */; };
		525FEE072461ED2F007B5FDB /* Assets.xcassets in Resources */ = {isa = PBXBuildFile; fileRef = 525FEE062461ED2F007B5FDB /* Assets.xcassets */; };
		525FEE0A2461ED2F007B5FDB /* Preview Assets.xcassets in Resources */ = {isa = PBXBuildFile; fileRef = 525FEE092461ED2F007B5FDB /* Preview Assets.xcassets */; };
		525FEE0D2461ED2F007B5FDB /* LaunchScreen.storyboard in Resources */ = {isa = PBXBuildFile; fileRef = 525FEE0B2461ED2F007B5FDB /* LaunchScreen.storyboard */; };
/* End PBXBuildFile section */

/* Begin PBXFileReference section */
		523FE96B2461FBDC000A5631 /* AddBookView.swift */ = {isa = PBXFileReference; lastKnownFileType = sourcecode.swift; path = AddBookView.swift; sourceTree = "<group>"; };
		523FE96D2462027B000A5631 /* RatingView.swift */ = {isa = PBXFileReference; lastKnownFileType = sourcecode.swift; path = RatingView.swift; sourceTree = "<group>"; };
		523FE96F246205AB000A5631 /* EmojiRatingView.swift */ = {isa = PBXFileReference; lastKnownFileType = sourcecode.swift; path = EmojiRatingView.swift; sourceTree = "<group>"; };
		523FE971246208E5000A5631 /* DetailView.swift */ = {isa = PBXFileReference; lastKnownFileType = sourcecode.swift; path = DetailView.swift; sourceTree = "<group>"; };
		525FEDFA2461ED29007B5FDB /* Bookworm.app */ = {isa = PBXFileReference; explicitFileType = wrapper.application; includeInIndex = 0; path = Bookworm.app; sourceTree = BUILT_PRODUCTS_DIR; };
		525FEDFD2461ED29007B5FDB /* AppDelegate.swift */ = {isa = PBXFileReference; lastKnownFileType = sourcecode.swift; path = AppDelegate.swift; sourceTree = "<group>"; };
		525FEDFF2461ED29007B5FDB /* SceneDelegate.swift */ = {isa = PBXFileReference; lastKnownFileType = sourcecode.swift; path = SceneDelegate.swift; sourceTree = "<group>"; };
		525FEE022461ED29007B5FDB /* Bookworm.xcdatamodel */ = {isa = PBXFileReference; lastKnownFileType = wrapper.xcdatamodel; path = Bookworm.xcdatamodel; sourceTree = "<group>"; };
		525FEE042461ED29007B5FDB /* ContentView.swift */ = {isa = PBXFileReference; lastKnownFileType = sourcecode.swift; path = ContentView.swift; sourceTree = "<group>"; };
		525FEE062461ED2F007B5FDB /* Assets.xcassets */ = {isa = PBXFileReference; lastKnownFileType = folder.assetcatalog; path = Assets.xcassets; sourceTree = "<group>"; };
		525FEE092461ED2F007B5FDB /* Preview Assets.xcassets */ = {isa = PBXFileReference; lastKnownFileType = folder.assetcatalog; path = "Preview Assets.xcassets"; sourceTree = "<group>"; };
		525FEE0C2461ED2F007B5FDB /* Base */ = {isa = PBXFileReference; lastKnownFileType = file.storyboard; name = Base; path = Base.lproj/LaunchScreen.storyboard; sourceTree = "<group>"; };
		525FEE0E2461ED2F007B5FDB /* Info.plist */ = {isa = PBXFileReference; lastKnownFileType = text.plist.xml; path = Info.plist; sourceTree = "<group>"; };
/* End PBXFileReference section */

/* Begin PBXFrameworksBuildPhase section */
		525FEDF72461ED29007B5FDB /* Frameworks */ = {
			isa = PBXFrameworksBuildPhase;
			buildActionMask = 2147483647;
			files = (
			);
			runOnlyForDeploymentPostprocessing = 0;
		};
/* End PBXFrameworksBuildPhase section */

/* Begin PBXGroup section */
		525FEDF12461ED29007B5FDB = {
			isa = PBXGroup;
			children = (
				525FEDFC2461ED29007B5FDB /* Bookworm */,
				525FEDFB2461ED29007B5FDB /* Products */,
			);
			sourceTree = "<group>";
		};
		525FEDFB2461ED29007B5FDB /* Products */ = {
			isa = PBXGroup;
			children = (
				525FEDFA2461ED29007B5FDB /* Bookworm.app */,
			);
			name = Products;
			sourceTree = "<group>";
		};
		525FEDFC2461ED29007B5FDB /* Bookworm */ = {
			isa = PBXGroup;
			children = (
				525FEDFD2461ED29007B5FDB /* AppDelegate.swift */,
				525FEDFF2461ED29007B5FDB /* SceneDelegate.swift */,
				525FEE042461ED29007B5FDB /* ContentView.swift */,
				523FE971246208E5000A5631 /* DetailView.swift */,
				523FE96F246205AB000A5631 /* EmojiRatingView.swift */,
				523FE96B2461FBDC000A5631 /* AddBookView.swift */,
				523FE96D2462027B000A5631 /* RatingView.swift */,
				525FEE062461ED2F007B5FDB /* Assets.xcassets */,
				525FEE0B2461ED2F007B5FDB /* LaunchScreen.storyboard */,
				525FEE0E2461ED2F007B5FDB /* Info.plist */,
				525FEE012461ED29007B5FDB /* Bookworm.xcdatamodeld */,
				525FEE082461ED2F007B5FDB /* Preview Content */,
			);
			path = Bookworm;
			sourceTree = "<group>";
		};
		525FEE082461ED2F007B5FDB /* Preview Content */ = {
			isa = PBXGroup;
			children = (
				525FEE092461ED2F007B5FDB /* Preview Assets.xcassets */,
			);
			path = "Preview Content";
			sourceTree = "<group>";
		};
/* End PBXGroup section */

/* Begin PBXNativeTarget section */
		525FEDF92461ED29007B5FDB /* Bookworm */ = {
			isa = PBXNativeTarget;
			buildConfigurationList = 525FEE112461ED2F007B5FDB /* Build configuration list for PBXNativeTarget "Bookworm" */;
			buildPhases = (
				525FEDF62461ED29007B5FDB /* Sources */,
				525FEDF72461ED29007B5FDB /* Frameworks */,
				525FEDF82461ED29007B5FDB /* Resources */,
			);
			buildRules = (
			);
			dependencies = (
			);
			name = Bookworm;
			productName = Bookworm;
			productReference = 525FEDFA2461ED29007B5FDB /* Bookworm.app */;
			productType = "com.apple.product-type.application";
		};
/* End PBXNativeTarget section */

/* Begin PBXProject section */
		525FEDF22461ED29007B5FDB /* Project object */ = {
			isa = PBXProject;
			attributes = {
				LastSwiftUpdateCheck = 1140;
				LastUpgradeCheck = 1140;
				ORGANIZATIONNAME = "Mansur Ahmed";
				TargetAttributes = {
					525FEDF92461ED29007B5FDB = {
						CreatedOnToolsVersion = 11.4.1;
					};
				};
			};
			buildConfigurationList = 525FEDF52461ED29007B5FDB /* Build configuration list for PBXProject "Bookworm" */;
			compatibilityVersion = "Xcode 9.3";
			developmentRegion = en;
			hasScannedForEncodings = 0;
			knownRegions = (
				en,
				Base,
			);
			mainGroup = 525FEDF12461ED29007B5FDB;
			productRefGroup = 525FEDFB2461ED29007B5FDB /* Products */;
			projectDirPath = "";
			projectRoot = "";
			targets = (
				525FEDF92461ED29007B5FDB /* Bookworm */,
			);
		};
/* End PBXProject section */

/* Begin PBXResourcesBuildPhase section */
		525FEDF82461ED29007B5FDB /* Resources */ = {
			isa = PBXResourcesBuildPhase;
			buildActionMask = 2147483647;
			files = (
				525FEE0D2461ED2F007B5FDB /* LaunchScreen.storyboard in Resources */,
				525FEE0A2461ED2F007B5FDB /* Preview Assets.xcassets in Resources */,
				525FEE072461ED2F007B5FDB /* Assets.xcassets in Resources */,
			);
			runOnlyForDeploymentPostprocessing = 0;
		};
/* End PBXResourcesBuildPhase section */

/* Begin PBXSourcesBuildPhase section */
		525FEDF62461ED29007B5FDB /* Sources */ = {
			isa = PBXSourcesBuildPhase;
			buildActionMask = 2147483647;
			files = (
				525FEDFE2461ED29007B5FDB /* AppDelegate.swift in Sources */,
				523FE972246208E5000A5631 /* DetailView.swift in Sources */,
				525FEE032461ED29007B5FDB /* Bookworm.xcdatamodeld in Sources */,
				523FE970246205AB000A5631 /* EmojiRatingView.swift in Sources */,
				525FEE052461ED29007B5FDB /* ContentView.swift in Sources */,
				523FE96E2462027B000A5631 /* RatingView.swift in Sources */,
				525FEE002461ED29007B5FDB /* SceneDelegate.swift in Sources */,
				523FE96C2461FBDC000A5631 /* AddBookView.swift in Sources */,
			);
			runOnlyForDeploymentPostprocessing = 0;
		};
/* End PBXSourcesBuildPhase section */

/* Begin PBXVariantGroup section */
		525FEE0B2461ED2F007B5FDB /* LaunchScreen.storyboard */ = {
			isa = PBXVariantGroup;
			children = (
				525FEE0C2461ED2F007B5FDB /* Base */,
			);
			name = LaunchScreen.storyboard;
			sourceTree = "<group>";
		};
/* End PBXVariantGroup section */

/* Begin XCBuildConfiguration section */
		525FEE0F2461ED2F007B5FDB /* Debug */ = {
			isa = XCBuildConfiguration;
			buildSettings = {
				ALWAYS_SEARCH_USER_PATHS = NO;
				CLANG_ANALYZER_NONNULL = YES;
				CLANG_ANALYZER_NUMBER_OBJECT_CONVERSION = YES_AGGRESSIVE;
				CLANG_CXX_LANGUAGE_STANDARD = "gnu++14";
				CLANG_CXX_LIBRARY = "libc++";
				CLANG_ENABLE_MODULES = YES;
				CLANG_ENABLE_OBJC_ARC = YES;
				CLANG_ENABLE_OBJC_WEAK = YES;
				CLANG_WARN_BLOCK_CAPTURE_AUTORELEASING = YES;
				CLANG_WARN_BOOL_CONVERSION = YES;
				CLANG_WARN_COMMA = YES;
				CLANG_WARN_CONSTANT_CONVERSION = YES;
				CLANG_WARN_DEPRECATED_OBJC_IMPLEMENTATIONS = YES;
				CLANG_WARN_DIRECT_OBJC_ISA_USAGE = YES_ERROR;
				CLANG_WARN_DOCUMENTATION_COMMENTS = YES;
				CLANG_WARN_EMPTY_BODY = YES;
				CLANG_WARN_ENUM_CONVERSION = YES;
				CLANG_WARN_INFINITE_RECURSION = YES;
				CLANG_WARN_INT_CONVERSION = YES;
				CLANG_WARN_NON_LITERAL_NULL_CONVERSION = YES;
				CLANG_WARN_OBJC_IMPLICIT_RETAIN_SELF = YES;
				CLANG_WARN_OBJC_LITERAL_CONVERSION = YES;
				CLANG_WARN_OBJC_ROOT_CLASS = YES_ERROR;
				CLANG_WARN_RANGE_LOOP_ANALYSIS = YES;
				CLANG_WARN_STRICT_PROTOTYPES = YES;
				CLANG_WARN_SUSPICIOUS_MOVE = YES;
				CLANG_WARN_UNGUARDED_AVAILABILITY = YES_AGGRESSIVE;
				CLANG_WARN_UNREACHABLE_CODE = YES;
				CLANG_WARN__DUPLICATE_METHOD_MATCH = YES;
				COPY_PHASE_STRIP = NO;
				DEBUG_INFORMATION_FORMAT = dwarf;
				ENABLE_STRICT_OBJC_MSGSEND = YES;
				ENABLE_TESTABILITY = YES;
				GCC_C_LANGUAGE_STANDARD = gnu11;
				GCC_DYNAMIC_NO_PIC = NO;
				GCC_NO_COMMON_BLOCKS = YES;
				GCC_OPTIMIZATION_LEVEL = 0;
				GCC_PREPROCESSOR_DEFINITIONS = (
					"DEBUG=1",
					"$(inherited)",
				);
				GCC_WARN_64_TO_32_BIT_CONVERSION = YES;
				GCC_WARN_ABOUT_RETURN_TYPE = YES_ERROR;
				GCC_WARN_UNDECLARED_SELECTOR = YES;
				GCC_WARN_UNINITIALIZED_AUTOS = YES_AGGRESSIVE;
				GCC_WARN_UNUSED_FUNCTION = YES;
				GCC_WARN_UNUSED_VARIABLE = YES;
				IPHONEOS_DEPLOYMENT_TARGET = 13.4;
				MTL_ENABLE_DEBUG_INFO = INCLUDE_SOURCE;
				MTL_FAST_MATH = YES;
				ONLY_ACTIVE_ARCH = YES;
				SDKROOT = iphoneos;
				SWIFT_ACTIVE_COMPILATION_CONDITIONS = DEBUG;
				SWIFT_OPTIMIZATION_LEVEL = "-Onone";
			};
			name = Debug;
		};
		525FEE102461ED2F007B5FDB /* Release */ = {
			isa = XCBuildConfiguration;
			buildSettings = {
				ALWAYS_SEARCH_USER_PATHS = NO;
				CLANG_ANALYZER_NONNULL = YES;
				CLANG_ANALYZER_NUMBER_OBJECT_CONVERSION = YES_AGGRESSIVE;
				CLANG_CXX_LANGUAGE_STANDARD = "gnu++14";
				CLANG_CXX_LIBRARY = "libc++";
				CLANG_ENABLE_MODULES = YES;
				CLANG_ENABLE_OBJC_ARC = YES;
				CLANG_ENABLE_OBJC_WEAK = YES;
				CLANG_WARN_BLOCK_CAPTURE_AUTORELEASING = YES;
				CLANG_WARN_BOOL_CONVERSION = YES;
				CLANG_WARN_COMMA = YES;
				CLANG_WARN_CONSTANT_CONVERSION = YES;
				CLANG_WARN_DEPRECATED_OBJC_IMPLEMENTATIONS = YES;
				CLANG_WARN_DIRECT_OBJC_ISA_USAGE = YES_ERROR;
				CLANG_WARN_DOCUMENTATION_COMMENTS = YES;
				CLANG_WARN_EMPTY_BODY = YES;
				CLANG_WARN_ENUM_CONVERSION = YES;
				CLANG_WARN_INFINITE_RECURSION = YES;
				CLANG_WARN_INT_CONVERSION = YES;
				CLANG_WARN_NON_LITERAL_NULL_CONVERSION = YES;
				CLANG_WARN_OBJC_IMPLICIT_RETAIN_SELF = YES;
				CLANG_WARN_OBJC_LITERAL_CONVERSION = YES;
				CLANG_WARN_OBJC_ROOT_CLASS = YES_ERROR;
				CLANG_WARN_RANGE_LOOP_ANALYSIS = YES;
				CLANG_WARN_STRICT_PROTOTYPES = YES;
				CLANG_WARN_SUSPICIOUS_MOVE = YES;
				CLANG_WARN_UNGUARDED_AVAILABILITY = YES_AGGRESSIVE;
				CLANG_WARN_UNREACHABLE_CODE = YES;
				CLANG_WARN__DUPLICATE_METHOD_MATCH = YES;
				COPY_PHASE_STRIP = NO;
				DEBUG_INFORMATION_FORMAT = "dwarf-with-dsym";
				ENABLE_NS_ASSERTIONS = NO;
				ENABLE_STRICT_OBJC_MSGSEND = YES;
				GCC_C_LANGUAGE_STANDARD = gnu11;
				GCC_NO_COMMON_BLOCKS = YES;
				GCC_WARN_64_TO_32_BIT_CONVERSION = YES;
				GCC_WARN_ABOUT_RETURN_TYPE = YES_ERROR;
				GCC_WARN_UNDECLARED_SELECTOR = YES;
				GCC_WARN_UNINITIALIZED_AUTOS = YES_AGGRESSIVE;
				GCC_WARN_UNUSED_FUNCTION = YES;
				GCC_WARN_UNUSED_VARIABLE = YES;
				IPHONEOS_DEPLOYMENT_TARGET = 13.4;
				MTL_ENABLE_DEBUG_INFO = NO;
				MTL_FAST_MATH = YES;
				SDKROOT = iphoneos;
				SWIFT_COMPILATION_MODE = wholemodule;
				SWIFT_OPTIMIZATION_LEVEL = "-O";
				VALIDATE_PRODUCT = YES;
			};
			name = Release;
		};
		525FEE122461ED2F007B5FDB /* Debug */ = {
			isa = XCBuildConfiguration;
			buildSettings = {
				ASSETCATALOG_COMPILER_APPICON_NAME = AppIcon;
				CODE_SIGN_STYLE = Automatic;
				DEVELOPMENT_ASSET_PATHS = "\"Bookworm/Preview Content\"";
				ENABLE_PREVIEWS = YES;
				INFOPLIST_FILE = Bookworm/Info.plist;
				LD_RUNPATH_SEARCH_PATHS = (
					"$(inherited)",
					"@executable_path/Frameworks",
				);
				PRODUCT_BUNDLE_IDENTIFIER = com.demharusnam.Bookworm;
				PRODUCT_NAME = "$(TARGET_NAME)";
				SWIFT_VERSION = 5.0;
				TARGETED_DEVICE_FAMILY = "1,2";
			};
			name = Debug;
		};
		525FEE132461ED2F007B5FDB /* Release */ = {
			isa = XCBuildConfiguration;
			buildSettings = {
				ASSETCATALOG_COMPILER_APPICON_NAME = AppIcon;
				CODE_SIGN_STYLE = Automatic;
				DEVELOPMENT_ASSET_PATHS = "\"Bookworm/Preview Content\"";
				ENABLE_PREVIEWS = YES;
				INFOPLIST_FILE = Bookworm/Info.plist;
				LD_RUNPATH_SEARCH_PATHS = (
					"$(inherited)",
					"@executable_path/Frameworks",
				);
				PRODUCT_BUNDLE_IDENTIFIER = com.demharusnam.Bookworm;
				PRODUCT_NAME = "$(TARGET_NAME)";
				SWIFT_VERSION = 5.0;
				TARGETED_DEVICE_FAMILY = "1,2";
			};
			name = Release;
		};
/* End XCBuildConfiguration section */

/* Begin XCConfigurationList section */
		525FEDF52461ED29007B5FDB /* Build configuration list for PBXProject "Bookworm" */ = {
			isa = XCConfigurationList;
			buildConfigurations = (
				525FEE0F2461ED2F007B5FDB /* Debug */,
				525FEE102461ED2F007B5FDB /* Release */,
			);
			defaultConfigurationIsVisible = 0;
			defaultConfigurationName = Release;
		};
		525FEE112461ED2F007B5FDB /* Build configuration list for PBXNativeTarget "Bookworm" */ = {
			isa = XCConfigurationList;
			buildConfigurations = (
				525FEE122461ED2F007B5FDB /* Debug */,
				525FEE132461ED2F007B5FDB /* Release */,
			);
			defaultConfigurationIsVisible = 0;
			defaultConfigurationName = Release;
		};
/* End XCConfigurationList section */

/* Begin XCVersionGroup section */
		525FEE012461ED29007B5FDB /* Bookworm.xcdatamodeld */ = {
			isa = XCVersionGroup;
			children = (
				525FEE022461ED29007B5FDB /* Bookworm.xcdatamodel */,
			);
			currentVersion = 525FEE022461ED29007B5FDB /* Bookworm.xcdatamodel */;
			path = Bookworm.xcdatamodeld;
			sourceTree = "<group>";
			versionGroupType = wrapper.xcdatamodel;
		};
/* End XCVersionGroup section */
	};
	rootObject = 525FEDF22461ED29007B5FDB /* Project object */;
}
